
Microsoft Visual Studio Solution File, Format Version 12.00
Project("{2150E333-8FDC-42A3-9474-1A3956D46DE8}") = "FactoryDp", "FactoryDp", "{0B0FD913-19FE-4F52-9534-066D4F0BA124}"
EndProject
Project("{FAE04EC0-301F-11D3-BF4B-00C04F79EFBC}") = "FactoryDp", "FactoryDp\FactoryDp\FactoryDp.csproj", "{AEC566AC-B29B-4453-9EC2-D9FE26BA67CC}"
EndProject
Global
	GlobalSection(SolutionConfigurationPlatforms) = preSolution
		Debug|Any CPU = Debug|Any CPU
		Release|Any CPU = Release|Any CPU
	EndGlobalSection
	GlobalSection(NestedProjects) = preSolution
		{AEC566AC-B29B-4453-9EC2-D9FE26BA67CC} = {0B0FD913-19FE-4F52-9534-066D4F0BA124}
	EndGlobalSection
	GlobalSection(ProjectConfigurationPlatforms) = postSolution
		{AEC566AC-B29B-4453-9EC2-D9FE26BA67CC}.Debug|Any CPU.ActiveCfg = Debug|Any CPU
		{AEC566AC-B29B-4453-9EC2-D9FE26BA67CC}.Debug|Any CPU.Build.0 = Debug|Any CPU
		{AEC566AC-B29B-4453-9EC2-D9FE26BA67CC}.Release|Any CPU.ActiveCfg = Release|Any CPU
		{AEC566AC-B29B-4453-9EC2-D9FE26BA67CC}.Release|Any CPU.Build.0 = Release|Any CPU
	EndGlobalSection
EndGlobal
