
Microsoft Visual Studio Solution File, Format Version 12.00
Project("{2150E333-8FDC-42A3-9474-1A3956D46DE8}") = "src", "src", "{0B0FD913-19FE-4F52-9534-066D4F0BA124}"
EndProject
Project("{FAE04EC0-301F-11D3-BF4B-00C04F79EFBC}") = "FactoryDp", "src\FactoryDp\FactoryDp.csproj", "{AEC566AC-B29B-4453-9EC2-D9FE26BA67CC}"
EndProject
Project("{FAE04EC0-301F-11D3-BF4B-00C04F79EFBC}") = "SingletonDp", "src\SingletonDp\SingletonDp.csproj", "{E9863FFC-1230-47E0-B067-8FEE3E07A667}"
EndProject
Project("{FAE04EC0-301F-11D3-BF4B-00C04F79EFBC}") = "StaticFactoryDp", "src\StaticFactoryDp\StaticFactoryDp.csproj", "{D3A95036-FAAE-47DC-92DE-155951E0C0A3}"
EndProject
Project("{2150E333-8FDC-42A3-9474-1A3956D46DE8}") = "SolutionItems", "SolutionItems", "{88D0A122-735F-4E80-AC6B-54F21ABA8299}"
	ProjectSection(SolutionItems) = preProject
		README.md = README.md
	EndProjectSection
EndProject
Project("{FAE04EC0-301F-11D3-BF4B-00C04F79EFBC}") = "BuilderDp", "src\BuilderDp\BuilderDp.csproj", "{6841EED0-FEB5-467E-ADBE-72C03354EA02}"
EndProject
Project("{FAE04EC0-301F-11D3-BF4B-00C04F79EFBC}") = "AdapterDp", "src\AdapterDp\AdapterDp.csproj", "{253B5066-327B-4A2E-AC75-0B41E5BFC011}"
EndProject
Project("{FAE04EC0-301F-11D3-BF4B-00C04F79EFBC}") = "StrategyDp", "src\StrategyDp\StrategyDp.csproj", "{0FCB7261-28D9-4AE8-AA76-E5A8976A8147}"
EndProject
Project("{FAE04EC0-301F-11D3-BF4B-00C04F79EFBC}") = "ObserverDp", "src\ObserverDp\ObserverDp.csproj", "{886BA7A5-52AB-4E1D-8E29-85988B11A2BF}"
EndProject
Project("{FAE04EC0-301F-11D3-BF4B-00C04F79EFBC}") = "OptionsDp", "src\OptionsDp\OptionsDp.csproj", "{F11169E8-3BCF-4584-98ED-9B30A9E198C0}"
EndProject
Project("{FAE04EC0-301F-11D3-BF4B-00C04F79EFBC}") = "DecoratorDp", "src\DecoratorDp\DecoratorDp.csproj", "{753DE6D6-478E-4DE9-8F2E-79464582D77B}"
EndProject
Project("{FAE04EC0-301F-11D3-BF4B-00C04F79EFBC}") = "DisposableDp", "src\DisposableDp\DisposableDp.csproj", "{F2F73907-7995-4E30-A15C-EC72C8635A3A}"
EndProject
Global
	GlobalSection(SolutionConfigurationPlatforms) = preSolution
		Debug|Any CPU = Debug|Any CPU
		Release|Any CPU = Release|Any CPU
	EndGlobalSection
	GlobalSection(NestedProjects) = preSolution
		{AEC566AC-B29B-4453-9EC2-D9FE26BA67CC} = {0B0FD913-19FE-4F52-9534-066D4F0BA124}
		{E9863FFC-1230-47E0-B067-8FEE3E07A667} = {0B0FD913-19FE-4F52-9534-066D4F0BA124}
		{D3A95036-FAAE-47DC-92DE-155951E0C0A3} = {0B0FD913-19FE-4F52-9534-066D4F0BA124}
		{6841EED0-FEB5-467E-ADBE-72C03354EA02} = {0B0FD913-19FE-4F52-9534-066D4F0BA124}
		{253B5066-327B-4A2E-AC75-0B41E5BFC011} = {0B0FD913-19FE-4F52-9534-066D4F0BA124}
		{0FCB7261-28D9-4AE8-AA76-E5A8976A8147} = {0B0FD913-19FE-4F52-9534-066D4F0BA124}
		{886BA7A5-52AB-4E1D-8E29-85988B11A2BF} = {0B0FD913-19FE-4F52-9534-066D4F0BA124}
		{F11169E8-3BCF-4584-98ED-9B30A9E198C0} = {0B0FD913-19FE-4F52-9534-066D4F0BA124}
		{753DE6D6-478E-4DE9-8F2E-79464582D77B} = {0B0FD913-19FE-4F52-9534-066D4F0BA124}
		{F2F73907-7995-4E30-A15C-EC72C8635A3A} = {0B0FD913-19FE-4F52-9534-066D4F0BA124}
	EndGlobalSection
	GlobalSection(ProjectConfigurationPlatforms) = postSolution
		{AEC566AC-B29B-4453-9EC2-D9FE26BA67CC}.Debug|Any CPU.ActiveCfg = Debug|Any CPU
		{AEC566AC-B29B-4453-9EC2-D9FE26BA67CC}.Debug|Any CPU.Build.0 = Debug|Any CPU
		{AEC566AC-B29B-4453-9EC2-D9FE26BA67CC}.Release|Any CPU.ActiveCfg = Release|Any CPU
		{AEC566AC-B29B-4453-9EC2-D9FE26BA67CC}.Release|Any CPU.Build.0 = Release|Any CPU
		{E9863FFC-1230-47E0-B067-8FEE3E07A667}.Debug|Any CPU.ActiveCfg = Debug|Any CPU
		{E9863FFC-1230-47E0-B067-8FEE3E07A667}.Debug|Any CPU.Build.0 = Debug|Any CPU
		{E9863FFC-1230-47E0-B067-8FEE3E07A667}.Release|Any CPU.ActiveCfg = Release|Any CPU
		{E9863FFC-1230-47E0-B067-8FEE3E07A667}.Release|Any CPU.Build.0 = Release|Any CPU
		{D3A95036-FAAE-47DC-92DE-155951E0C0A3}.Debug|Any CPU.ActiveCfg = Debug|Any CPU
		{D3A95036-FAAE-47DC-92DE-155951E0C0A3}.Debug|Any CPU.Build.0 = Debug|Any CPU
		{D3A95036-FAAE-47DC-92DE-155951E0C0A3}.Release|Any CPU.ActiveCfg = Release|Any CPU
		{D3A95036-FAAE-47DC-92DE-155951E0C0A3}.Release|Any CPU.Build.0 = Release|Any CPU
		{6841EED0-FEB5-467E-ADBE-72C03354EA02}.Debug|Any CPU.ActiveCfg = Debug|Any CPU
		{6841EED0-FEB5-467E-ADBE-72C03354EA02}.Debug|Any CPU.Build.0 = Debug|Any CPU
		{6841EED0-FEB5-467E-ADBE-72C03354EA02}.Release|Any CPU.ActiveCfg = Release|Any CPU
		{6841EED0-FEB5-467E-ADBE-72C03354EA02}.Release|Any CPU.Build.0 = Release|Any CPU
		{253B5066-327B-4A2E-AC75-0B41E5BFC011}.Debug|Any CPU.ActiveCfg = Debug|Any CPU
		{253B5066-327B-4A2E-AC75-0B41E5BFC011}.Debug|Any CPU.Build.0 = Debug|Any CPU
		{253B5066-327B-4A2E-AC75-0B41E5BFC011}.Release|Any CPU.ActiveCfg = Release|Any CPU
		{253B5066-327B-4A2E-AC75-0B41E5BFC011}.Release|Any CPU.Build.0 = Release|Any CPU
		{0FCB7261-28D9-4AE8-AA76-E5A8976A8147}.Debug|Any CPU.ActiveCfg = Debug|Any CPU
		{0FCB7261-28D9-4AE8-AA76-E5A8976A8147}.Debug|Any CPU.Build.0 = Debug|Any CPU
		{0FCB7261-28D9-4AE8-AA76-E5A8976A8147}.Release|Any CPU.ActiveCfg = Release|Any CPU
		{0FCB7261-28D9-4AE8-AA76-E5A8976A8147}.Release|Any CPU.Build.0 = Release|Any CPU
		{886BA7A5-52AB-4E1D-8E29-85988B11A2BF}.Debug|Any CPU.ActiveCfg = Debug|Any CPU
		{886BA7A5-52AB-4E1D-8E29-85988B11A2BF}.Debug|Any CPU.Build.0 = Debug|Any CPU
		{886BA7A5-52AB-4E1D-8E29-85988B11A2BF}.Release|Any CPU.ActiveCfg = Release|Any CPU
		{886BA7A5-52AB-4E1D-8E29-85988B11A2BF}.Release|Any CPU.Build.0 = Release|Any CPU
		{F11169E8-3BCF-4584-98ED-9B30A9E198C0}.Debug|Any CPU.ActiveCfg = Debug|Any CPU
		{F11169E8-3BCF-4584-98ED-9B30A9E198C0}.Debug|Any CPU.Build.0 = Debug|Any CPU
		{F11169E8-3BCF-4584-98ED-9B30A9E198C0}.Release|Any CPU.ActiveCfg = Release|Any CPU
		{F11169E8-3BCF-4584-98ED-9B30A9E198C0}.Release|Any CPU.Build.0 = Release|Any CPU
		{753DE6D6-478E-4DE9-8F2E-79464582D77B}.Debug|Any CPU.ActiveCfg = Debug|Any CPU
		{753DE6D6-478E-4DE9-8F2E-79464582D77B}.Debug|Any CPU.Build.0 = Debug|Any CPU
		{753DE6D6-478E-4DE9-8F2E-79464582D77B}.Release|Any CPU.ActiveCfg = Release|Any CPU
		{753DE6D6-478E-4DE9-8F2E-79464582D77B}.Release|Any CPU.Build.0 = Release|Any CPU
		{F2F73907-7995-4E30-A15C-EC72C8635A3A}.Debug|Any CPU.ActiveCfg = Debug|Any CPU
		{F2F73907-7995-4E30-A15C-EC72C8635A3A}.Debug|Any CPU.Build.0 = Debug|Any CPU
		{F2F73907-7995-4E30-A15C-EC72C8635A3A}.Release|Any CPU.ActiveCfg = Release|Any CPU
		{F2F73907-7995-4E30-A15C-EC72C8635A3A}.Release|Any CPU.Build.0 = Release|Any CPU
	EndGlobalSection
EndGlobal
